PODS:
  - DACircularProgress (2.3.1)
  - SDWebImage (3.8.2):
    - SDWebImage/Core (= 3.8.2)
  - SDWebImage/Core (3.8.2)

DEPENDENCIES:
  - DACircularProgress (~> 2.3.1)
  - SDWebImage (~> 3.8)

SPEC CHECKSUMS:
  DACircularProgress: 4dd437c0fc3da5161cb289e07ac449493d41db71
  SDWebImage: 098e97e6176540799c27e804c96653ee0833d13c

PODFILE CHECKSUM: fcd26ae9e1a0aa5d513a656861613e972b4df63e

COCOAPODS: 1.0.0
