PODS:
  - DACircularProgress (2.3.1)
  - SDWebImage (4.0.0):
    - SDWebImage/Core (= 4.0.0)
  - SDWebImage/Core (4.0.0)

DEPENDENCIES:
  - DACircularProgress (~> 2.3.1)
  - SDWebImage (~> 4)

SPEC CHECKSUMS:
  DACircularProgress: 4dd437c0fc3da5161cb289e07ac449493d41db71
  SDWebImage: 76a6348bdc74eb5a55dd08a091ef298e56b55e41

PODFILE CHECKSUM: 432a2f460fbeb4622f74ad842e5d85437381e75e

COCOAPODS: 1.1.0.rc.2
